
Microsoft Visual Studio Solution File, Format Version 11.00
# Visual Studio 2010
Project("{FAE04EC0-301F-11D3-BF4B-00C04F79EFBC}") = "ChickenFarm", "ChickenFarm\ChickenFarm.csproj", "{EFA83A94-FE06-4B7A-9569-9CA95D5AD382}"
EndProject
Global
	GlobalSection(SolutionConfigurationPlatforms) = preSolution
		Debug|Any CPU = Debug|Any CPU
		Release|Any CPU = Release|Any CPU
	EndGlobalSection
	GlobalSection(ProjectConfigurationPlatforms) = postSolution
		{EFA83A94-FE06-4B7A-9569-9CA95D5AD382}.Debug|Any CPU.ActiveCfg = Debug|Any CPU
		{EFA83A94-FE06-4B7A-9569-9CA95D5AD382}.Debug|Any CPU.Build.0 = Debug|Any CPU
		{EFA83A94-FE06-4B7A-9569-9CA95D5AD382}.Release|Any CPU.ActiveCfg = Release|Any CPU
		{EFA83A94-FE06-4B7A-9569-9CA95D5AD382}.Release|Any CPU.Build.0 = Release|Any CPU
	EndGlobalSection
	GlobalSection(SolutionProperties) = preSolution
		HideSolutionNode = FALSE
	EndGlobalSection
EndGlobal
